// !$*UTF8*$!
{
	archiveVersion = 1;
	classes = {
	};
	objectVersion = 46;
	objects = {

/* Begin PBXBuildFile section */
		65F48B6E19AAD27B00E482C7 /* Foundation.framework in Frameworks */ = {isa = PBXBuildFile; fileRef = 65F48B6D19AAD27B00E482C7 /* Foundation.framework */; };
		65F48B7019AAD27B00E482C7 /* CoreGraphics.framework in Frameworks */ = {isa = PBXBuildFile; fileRef = 65F48B6F19AAD27B00E482C7 /* CoreGraphics.framework */; };
		65F48B7219AAD27B00E482C7 /* UIKit.framework in Frameworks */ = {isa = PBXBuildFile; fileRef = 65F48B7119AAD27B00E482C7 /* UIKit.framework */; };
		65F48B7819AAD27B00E482C7 /* InfoPlist.strings in Resources */ = {isa = PBXBuildFile; fileRef = 65F48B7619AAD27B00E482C7 /* InfoPlist.strings */; };
		65F48B7A19AAD27B00E482C7 /* main.m in Sources */ = {isa = PBXBuildFile; fileRef = 65F48B7919AAD27B00E482C7 /* main.m */; };
		65F48B7E19AAD27B00E482C7 /* TestBGAppDelegate.m in Sources */ = {isa = PBXBuildFile; fileRef = 65F48B7D19AAD27B00E482C7 /* TestBGAppDelegate.m */; };
		65F48B8119AAD27B00E482C7 /* Main.storyboard in Resources */ = {isa = PBXBuildFile; fileRef = 65F48B7F19AAD27B00E482C7 /* Main.storyboard */; };
		65F48B8419AAD27B00E482C7 /* TestBGViewController.m in Sources */ = {isa = PBXBuildFile; fileRef = 65F48B8319AAD27B00E482C7 /* TestBGViewController.m */; };
		65F48B8619AAD27B00E482C7 /* Images.xcassets in Resources */ = {isa = PBXBuildFile; fileRef = 65F48B8519AAD27B00E482C7 /* Images.xcassets */; };
		65F48B8D19AAD27B00E482C7 /* XCTest.framework in Frameworks */ = {isa = PBXBuildFile; fileRef = 65F48B8C19AAD27B00E482C7 /* XCTest.framework */; };
		65F48B8E19AAD27B00E482C7 /* Foundation.framework in Frameworks */ = {isa = PBXBuildFile; fileRef = 65F48B6D19AAD27B00E482C7 /* Foundation.framework */; };
		65F48B8F19AAD27B00E482C7 /* UIKit.framework in Frameworks */ = {isa = PBXBuildFile; fileRef = 65F48B7119AAD27B00E482C7 /* UIKit.framework */; };
		65F48B9719AAD27B00E482C7 /* InfoPlist.strings in Resources */ = {isa = PBXBuildFile; fileRef = 65F48B9519AAD27B00E482C7 /* InfoPlist.strings */; };
		65F48B9919AAD27B00E482C7 /* GitUserExampleTests.m in Sources */ = {isa = PBXBuildFile; fileRef = 65F48B9819AAD27B00E482C7 /* GitUserExampleTests.m */; };
/* End PBXBuildFile section */

/* Begin PBXContainerItemProxy section */
		65F48B9019AAD27B00E482C7 /* PBXContainerItemProxy */ = {
			isa = PBXContainerItemProxy;
			containerPortal = 65F48B6219AAD27B00E482C7 /* Project object */;
			proxyType = 1;
			remoteGlobalIDString = 65F48B6919AAD27B00E482C7;
			remoteInfo = GitUserExample;
		};
/* End PBXContainerItemProxy section */

/* Begin PBXFileReference section */
		65F48B6A19AAD27B00E482C7 /* GitUserExample.app */ = {isa = PBXFileReference; explicitFileType = wrapper.application; includeInIndex = 0; path = GitUserExample.app; sourceTree = BUILT_PRODUCTS_DIR; };
		65F48B6D19AAD27B00E482C7 /* Foundation.framework */ = {isa = PBXFileReference; lastKnownFileType = wrapper.framework; name = Foundation.framework; path = System/Library/Frameworks/Foundation.framework; sourceTree = SDKROOT; };
		65F48B6F19AAD27B00E482C7 /* CoreGraphics.framework */ = {isa = PBXFileReference; lastKnownFileType = wrapper.framework; name = CoreGraphics.framework; path = System/Library/Frameworks/CoreGraphics.framework; sourceTree = SDKROOT; };
		65F48B7119AAD27B00E482C7 /* UIKit.framework */ = {isa = PBXFileReference; lastKnownFileType = wrapper.framework; name = UIKit.framework; path = System/Library/Frameworks/UIKit.framework; sourceTree = SDKROOT; };
		65F48B7519AAD27B00E482C7 /* GitUserExample-Info.plist */ = {isa = PBXFileReference; lastKnownFileType = text.plist.xml; path = "GitUserExample-Info.plist"; sourceTree = "<group>"; };
		65F48B7719AAD27B00E482C7 /* en */ = {isa = PBXFileReference; lastKnownFileType = text.plist.strings; name = en; path = en.lproj/InfoPlist.strings; sourceTree = "<group>"; };
		65F48B7919AAD27B00E482C7 /* main.m */ = {isa = PBXFileReference; lastKnownFileType = sourcecode.c.objc; path = main.m; sourceTree = "<group>"; };
		65F48B7B19AAD27B00E482C7 /* GitUserExample-Prefix.pch */ = {isa = PBXFileReference; lastKnownFileType = sourcecode.c.h; path = "GitUserExample-Prefix.pch"; sourceTree = "<group>"; };
		65F48B7C19AAD27B00E482C7 /* TestBGAppDelegate.h */ = {isa = PBXFileReference; lastKnownFileType = sourcecode.c.h; path = TestBGAppDelegate.h; sourceTree = "<group>"; };
		65F48B7D19AAD27B00E482C7 /* TestBGAppDelegate.m */ = {isa = PBXFileReference; lastKnownFileType = sourcecode.c.objc; path = TestBGAppDelegate.m; sourceTree = "<group>"; };
		65F48B8019AAD27B00E482C7 /* Base */ = {isa = PBXFileReference; lastKnownFileType = file.storyboard; name = Base; path = Base.lproj/Main.storyboard; sourceTree = "<group>"; };
		65F48B8219AAD27B00E482C7 /* TestBGViewController.h */ = {isa = PBXFileReference; lastKnownFileType = sourcecode.c.h; path = TestBGViewController.h; sourceTree = "<group>"; };
		65F48B8319AAD27B00E482C7 /* TestBGViewController.m */ = {isa = PBXFileReference; lastKnownFileType = sourcecode.c.objc; path = TestBGViewController.m; sourceTree = "<group>"; };
		65F48B8519AAD27B00E482C7 /* Images.xcassets */ = {isa = PBXFileReference; lastKnownFileType = folder.assetcatalog; path = Images.xcassets; sourceTree = "<group>"; };
		65F48B8B19AAD27B00E482C7 /* GitUserExampleTests.xctest */ = {isa = PBXFileReference; explicitFileType = wrapper.cfbundle; includeInIndex = 0; path = GitUserExampleTests.xctest; sourceTree = BUILT_PRODUCTS_DIR; };
		65F48B8C19AAD27B00E482C7 /* XCTest.framework */ = {isa = PBXFileReference; lastKnownFileType = wrapper.framework; name = XCTest.framework; path = Library/Frameworks/XCTest.framework; sourceTree = DEVELOPER_DIR; };
		65F48B9419AAD27B00E482C7 /* GitUserExampleTests-Info.plist */ = {isa = PBXFileReference; lastKnownFileType = text.plist.xml; path = "GitUserExampleTests-Info.plist"; sourceTree = "<group>"; };
		65F48B9619AAD27B00E482C7 /* en */ = {isa = PBXFileReference; lastKnownFileType = text.plist.strings; name = en; path = en.lproj/InfoPlist.strings; sourceTree = "<group>"; };
		65F48B9819AAD27B00E482C7 /* GitUserExampleTests.m */ = {isa = PBXFileReference; lastKnownFileType = sourcecode.c.objc; path = GitUserExampleTests.m; sourceTree = "<group>"; };
/* End PBXFileReference section */

/* Begin PBXFrameworksBuildPhase section */
		65F48B6719AAD27B00E482C7 /* Frameworks */ = {
			isa = PBXFrameworksBuildPhase;
			buildActionMask = 2147483647;
			files = (
				65F48B7019AAD27B00E482C7 /* CoreGraphics.framework in Frameworks */,
				65F48B7219AAD27B00E482C7 /* UIKit.framework in Frameworks */,
				65F48B6E19AAD27B00E482C7 /* Foundation.framework in Frameworks */,
			);
			runOnlyForDeploymentPostprocessing = 0;
		};
		65F48B8819AAD27B00E482C7 /* Frameworks */ = {
			isa = PBXFrameworksBuildPhase;
			buildActionMask = 2147483647;
			files = (
				65F48B8D19AAD27B00E482C7 /* XCTest.framework in Frameworks */,
				65F48B8F19AAD27B00E482C7 /* UIKit.framework in Frameworks */,
				65F48B8E19AAD27B00E482C7 /* Foundation.framework in Frameworks */,
			);
			runOnlyForDeploymentPostprocessing = 0;
		};
/* End PBXFrameworksBuildPhase section */

/* Begin PBXGroup section */
		65F48B6119AAD27B00E482C7 = {
			isa = PBXGroup;
			children = (
				65F48B7319AAD27B00E482C7 /* GitUserExample */,
				65F48B9219AAD27B00E482C7 /* GitUserExampleTests */,
				65F48B6C19AAD27B00E482C7 /* Frameworks */,
				65F48B6B19AAD27B00E482C7 /* Products */,
			);
			sourceTree = "<group>";
		};
		65F48B6B19AAD27B00E482C7 /* Products */ = {
			isa = PBXGroup;
			children = (
				65F48B6A19AAD27B00E482C7 /* GitUserExample.app */,
				65F48B8B19AAD27B00E482C7 /* GitUserExampleTests.xctest */,
			);
			name = Products;
			sourceTree = "<group>";
		};
		65F48B6C19AAD27B00E482C7 /* Frameworks */ = {
			isa = PBXGroup;
			children = (
				65F48B6D19AAD27B00E482C7 /* Foundation.framework */,
				65F48B6F19AAD27B00E482C7 /* CoreGraphics.framework */,
				65F48B7119AAD27B00E482C7 /* UIKit.framework */,
				65F48B8C19AAD27B00E482C7 /* XCTest.framework */,
			);
			name = Frameworks;
			sourceTree = "<group>";
		};
		65F48B7319AAD27B00E482C7 /* GitUserExample */ = {
			isa = PBXGroup;
			children = (
				65F48B7C19AAD27B00E482C7 /* TestBGAppDelegate.h */,
				65F48B7D19AAD27B00E482C7 /* TestBGAppDelegate.m */,
				65F48B7F19AAD27B00E482C7 /* Main.storyboard */,
				65F48B8219AAD27B00E482C7 /* TestBGViewController.h */,
				65F48B8319AAD27B00E482C7 /* TestBGViewController.m */,
				65F48B8519AAD27B00E482C7 /* Images.xcassets */,
				65F48B7419AAD27B00E482C7 /* Supporting Files */,
			);
			path = GitUserExample;
			sourceTree = "<group>";
		};
		65F48B7419AAD27B00E482C7 /* Supporting Files */ = {
			isa = PBXGroup;
			children = (
				65F48B7519AAD27B00E482C7 /* GitUserExample-Info.plist */,
				65F48B7619AAD27B00E482C7 /* InfoPlist.strings */,
				65F48B7919AAD27B00E482C7 /* main.m */,
				65F48B7B19AAD27B00E482C7 /* GitUserExample-Prefix.pch */,
			);
			name = "Supporting Files";
			sourceTree = "<group>";
		};
		65F48B9219AAD27B00E482C7 /* GitUserExampleTests */ = {
			isa = PBXGroup;
			children = (
				65F48B9819AAD27B00E482C7 /* GitUserExampleTests.m */,
				65F48B9319AAD27B00E482C7 /* Supporting Files */,
			);
			path = GitUserExampleTests;
			sourceTree = "<group>";
		};
		65F48B9319AAD27B00E482C7 /* Supporting Files */ = {
			isa = PBXGroup;
			children = (
				65F48B9419AAD27B00E482C7 /* GitUserExampleTests-Info.plist */,
				65F48B9519AAD27B00E482C7 /* InfoPlist.strings */,
			);
			name = "Supporting Files";
			sourceTree = "<group>";
		};
/* End PBXGroup section */

/* Begin PBXNativeTarget section */
		65F48B6919AAD27B00E482C7 /* GitUserExample */ = {
			isa = PBXNativeTarget;
			buildConfigurationList = 65F48B9C19AAD27B00E482C7 /* Build configuration list for PBXNativeTarget "GitUserExample" */;
			buildPhases = (
				65F48B6619AAD27B00E482C7 /* Sources */,
				65F48B6719AAD27B00E482C7 /* Frameworks */,
				65F48B6819AAD27B00E482C7 /* Resources */,
			);
			buildRules = (
			);
			dependencies = (
			);
			name = GitUserExample;
			productName = GitUserExample;
			productReference = 65F48B6A19AAD27B00E482C7 /* GitUserExample.app */;
			productType = "com.apple.product-type.application";
		};
		65F48B8A19AAD27B00E482C7 /* GitUserExampleTests */ = {
			isa = PBXNativeTarget;
			buildConfigurationList = 65F48B9F19AAD27B00E482C7 /* Build configuration list for PBXNativeTarget "GitUserExampleTests" */;
			buildPhases = (
				65F48B8719AAD27B00E482C7 /* Sources */,
				65F48B8819AAD27B00E482C7 /* Frameworks */,
				65F48B8919AAD27B00E482C7 /* Resources */,
			);
			buildRules = (
			);
			dependencies = (
				65F48B9119AAD27B00E482C7 /* PBXTargetDependency */,
			);
			name = GitUserExampleTests;
			productName = GitUserExampleTests;
			productReference = 65F48B8B19AAD27B00E482C7 /* GitUserExampleTests.xctest */;
			productType = "com.apple.product-type.bundle.unit-test";
		};
/* End PBXNativeTarget section */

/* Begin PBXProject section */
		65F48B6219AAD27B00E482C7 /* Project object */ = {
			isa = PBXProject;
			attributes = {
				CLASSPREFIX = TestBG;
				LastUpgradeCheck = 0510;
				ORGANIZATIONNAME = cni_mac;
				TargetAttributes = {
					65F48B8A19AAD27B00E482C7 = {
						TestTargetID = 65F48B6919AAD27B00E482C7;
					};
				};
			};
			buildConfigurationList = 65F48B6519AAD27B00E482C7 /* Build configuration list for PBXProject "GitUserExample" */;
			compatibilityVersion = "Xcode 3.2";
			developmentRegion = English;
			hasScannedForEncodings = 0;
			knownRegions = (
				en,
				Base,
			);
			mainGroup = 65F48B6119AAD27B00E482C7;
			productRefGroup = 65F48B6B19AAD27B00E482C7 /* Products */;
			projectDirPath = "";
			projectRoot = "";
			targets = (
				65F48B6919AAD27B00E482C7 /* GitUserExample */,
				65F48B8A19AAD27B00E482C7 /* GitUserExampleTests */,
			);
		};
/* End PBXProject section */

/* Begin PBXResourcesBuildPhase section */
		65F48B6819AAD27B00E482C7 /* Resources */ = {
			isa = PBXResourcesBuildPhase;
			buildActionMask = 2147483647;
			files = (
				65F48B8619AAD27B00E482C7 /* Images.xcassets in Resources */,
				65F48B7819AAD27B00E482C7 /* InfoPlist.strings in Resources */,
				65F48B8119AAD27B00E482C7 /* Main.storyboard in Resources */,
			);
			runOnlyForDeploymentPostprocessing = 0;
		};
		65F48B8919AAD27B00E482C7 /* Resources */ = {
			isa = PBXResourcesBuildPhase;
			buildActionMask = 2147483647;
			files = (
				65F48B9719AAD27B00E482C7 /* InfoPlist.strings in Resources */,
			);
			runOnlyForDeploymentPostprocessing = 0;
		};
/* End PBXResourcesBuildPhase section */

/* Begin PBXSourcesBuildPhase section */
		65F48B6619AAD27B00E482C7 /* Sources */ = {
			isa = PBXSourcesBuildPhase;
			buildActionMask = 2147483647;
			files = (
				65F48B7A19AAD27B00E482C7 /* main.m in Sources */,
				65F48B8419AAD27B00E482C7 /* TestBGViewController.m in Sources */,
				65F48B7E19AAD27B00E482C7 /* TestBGAppDelegate.m in Sources */,
			);
			runOnlyForDeploymentPostprocessing = 0;
		};
		65F48B8719AAD27B00E482C7 /* Sources */ = {
			isa = PBXSourcesBuildPhase;
			buildActionMask = 2147483647;
			files = (
				65F48B9919AAD27B00E482C7 /* GitUserExampleTests.m in Sources */,
			);
			runOnlyForDeploymentPostprocessing = 0;
		};
/* End PBXSourcesBuildPhase section */

/* Begin PBXTargetDependency section */
		65F48B9119AAD27B00E482C7 /* PBXTargetDependency */ = {
			isa = PBXTargetDependency;
			target = 65F48B6919AAD27B00E482C7 /* GitUserExample */;
			targetProxy = 65F48B9019AAD27B00E482C7 /* PBXContainerItemProxy */;
		};
/* End PBXTargetDependency section */

/* Begin PBXVariantGroup section */
		65F48B7619AAD27B00E482C7 /* InfoPlist.strings */ = {
			isa = PBXVariantGroup;
			children = (
				65F48B7719AAD27B00E482C7 /* en */,
			);
			name = InfoPlist.strings;
			sourceTree = "<group>";
		};
		65F48B7F19AAD27B00E482C7 /* Main.storyboard */ = {
			isa = PBXVariantGroup;
			children = (
				65F48B8019AAD27B00E482C7 /* Base */,
			);
			name = Main.storyboard;
			sourceTree = "<group>";
		};
		65F48B9519AAD27B00E482C7 /* InfoPlist.strings */ = {
			isa = PBXVariantGroup;
			children = (
				65F48B9619AAD27B00E482C7 /* en */,
			);
			name = InfoPlist.strings;
			sourceTree = "<group>";
		};
/* End PBXVariantGroup section */

/* Begin XCBuildConfiguration section */
		65F48B9A19AAD27B00E482C7 /* Debug */ = {
			isa = XCBuildConfiguration;
			buildSettings = {
				ALWAYS_SEARCH_USER_PATHS = NO;
				CLANG_CXX_LANGUAGE_STANDARD = "gnu++0x";
				CLANG_CXX_LIBRARY = "libc++";
				CLANG_ENABLE_MODULES = YES;
				CLANG_ENABLE_OBJC_ARC = YES;
				CLANG_WARN_BOOL_CONVERSION = YES;
				CLANG_WARN_CONSTANT_CONVERSION = YES;
				CLANG_WARN_DIRECT_OBJC_ISA_USAGE = YES_ERROR;
				CLANG_WARN_EMPTY_BODY = YES;
				CLANG_WARN_ENUM_CONVERSION = YES;
				CLANG_WARN_INT_CONVERSION = YES;
				CLANG_WARN_OBJC_ROOT_CLASS = YES_ERROR;
				CLANG_WARN__DUPLICATE_METHOD_MATCH = YES;
				"CODE_SIGN_IDENTITY[sdk=iphoneos*]" = "iPhone Developer";
				COPY_PHASE_STRIP = NO;
				GCC_C_LANGUAGE_STANDARD = gnu99;
				GCC_DYNAMIC_NO_PIC = NO;
				GCC_OPTIMIZATION_LEVEL = 0;
				GCC_PREPROCESSOR_DEFINITIONS = (
					"DEBUG=1",
					"$(inherited)",
				);
				GCC_SYMBOLS_PRIVATE_EXTERN = NO;
				GCC_WARN_64_TO_32_BIT_CONVERSION = YES;
				GCC_WARN_ABOUT_RETURN_TYPE = YES_ERROR;
				GCC_WARN_UNDECLARED_SELECTOR = YES;
				GCC_WARN_UNINITIALIZED_AUTOS = YES_AGGRESSIVE;
				GCC_WARN_UNUSED_FUNCTION = YES;
				GCC_WARN_UNUSED_VARIABLE = YES;
				IPHONEOS_DEPLOYMENT_TARGET = 7.1;
				ONLY_ACTIVE_ARCH = YES;
				SDKROOT = iphoneos;
			};
			name = Debug;
		};
		65F48B9B19AAD27B00E482C7 /* Release */ = {
			isa = XCBuildConfiguration;
			buildSettings = {
				ALWAYS_SEARCH_USER_PATHS = NO;
				CLANG_CXX_LANGUAGE_STANDARD = "gnu++0x";
				CLANG_CXX_LIBRARY = "libc++";
				CLANG_ENABLE_MODULES = YES;
				CLANG_ENABLE_OBJC_ARC = YES;
				CLANG_WARN_BOOL_CONVERSION = YES;
				CLANG_WARN_CONSTANT_CONVERSION = YES;
				CLANG_WARN_DIRECT_OBJC_ISA_USAGE = YES_ERROR;
				CLANG_WARN_EMPTY_BODY = YES;
				CLANG_WARN_ENUM_CONVERSION = YES;
				CLANG_WARN_INT_CONVERSION = YES;
				CLANG_WARN_OBJC_ROOT_CLASS = YES_ERROR;
				CLANG_WARN__DUPLICATE_METHOD_MATCH = YES;
				"CODE_SIGN_IDENTITY[sdk=iphoneos*]" = "iPhone Developer";
				COPY_PHASE_STRIP = YES;
				ENABLE_NS_ASSERTIONS = NO;
				GCC_C_LANGUAGE_STANDARD = gnu99;
				GCC_WARN_64_TO_32_BIT_CONVERSION = YES;
				GCC_WARN_ABOUT_RETURN_TYPE = YES_ERROR;
				GCC_WARN_UNDECLARED_SELECTOR = YES;
				GCC_WARN_UNINITIALIZED_AUTOS = YES_AGGRESSIVE;
				GCC_WARN_UNUSED_FUNCTION = YES;
				GCC_WARN_UNUSED_VARIABLE = YES;
				IPHONEOS_DEPLOYMENT_TARGET = 7.1;
				SDKROOT = iphoneos;
				VALIDATE_PRODUCT = YES;
			};
			name = Release;
		};
		65F48B9D19AAD27B00E482C7 /* Debug */ = {
			isa = XCBuildConfiguration;
			buildSettings = {
				ASSETCATALOG_COMPILER_APPICON_NAME = AppIcon;
				ASSETCATALOG_COMPILER_LAUNCHIMAGE_NAME = LaunchImage;
				GCC_PRECOMPILE_PREFIX_HEADER = YES;
				GCC_PREFIX_HEADER = "GitUserExample/GitUserExample-Prefix.pch";
				INFOPLIST_FILE = "GitUserExample/GitUserExample-Info.plist";
				PRODUCT_NAME = "$(TARGET_NAME)";
				WRAPPER_EXTENSION = app;
			};
			name = Debug;
		};
		65F48B9E19AAD27B00E482C7 /* Release */ = {
			isa = XCBuildConfiguration;
			buildSettings = {
				ASSETCATALOG_COMPILER_APPICON_NAME = AppIcon;
				ASSETCATALOG_COMPILER_LAUNCHIMAGE_NAME = LaunchImage;
				GCC_PRECOMPILE_PREFIX_HEADER = YES;
				GCC_PREFIX_HEADER = "GitUserExample/GitUserExample-Prefix.pch";
				INFOPLIST_FILE = "GitUserExample/GitUserExample-Info.plist";
				PRODUCT_NAME = "$(TARGET_NAME)";
				WRAPPER_EXTENSION = app;
			};
			name = Release;
		};
		65F48BA019AAD27B00E482C7 /* Debug */ = {
			isa = XCBuildConfiguration;
			buildSettings = {
				BUNDLE_LOADER = "$(BUILT_PRODUCTS_DIR)/GitUserExample.app/GitUserExample";
				FRAMEWORK_SEARCH_PATHS = (
					"$(SDKROOT)/Developer/Library/Frameworks",
					"$(inherited)",
					"$(DEVELOPER_FRAMEWORKS_DIR)",
				);
				GCC_PRECOMPILE_PREFIX_HEADER = YES;
				GCC_PREFIX_HEADER = "GitUserExample/GitUserExample-Prefix.pch";
				GCC_PREPROCESSOR_DEFINITIONS = (
					"DEBUG=1",
					"$(inherited)",
				);
				INFOPLIST_FILE = "GitUserExampleTests/GitUserExampleTests-Info.plist";
				PRODUCT_NAME = "$(TARGET_NAME)";
				TEST_HOST = "$(BUNDLE_LOADER)";
				WRAPPER_EXTENSION = xctest;
			};
			name = Debug;
		};
		65F48BA119AAD27B00E482C7 /* Release */ = {
			isa = XCBuildConfiguration;
			buildSettings = {
				BUNDLE_LOADER = "$(BUILT_PRODUCTS_DIR)/GitUserExample.app/GitUserExample";
				FRAMEWORK_SEARCH_PATHS = (
					"$(SDKROOT)/Developer/Library/Frameworks",
					"$(inherited)",
					"$(DEVELOPER_FRAMEWORKS_DIR)",
				);
				GCC_PRECOMPILE_PREFIX_HEADER = YES;
				GCC_PREFIX_HEADER = "GitUserExample/GitUserExample-Prefix.pch";
				INFOPLIST_FILE = "GitUserExampleTests/GitUserExampleTests-Info.plist";
				PRODUCT_NAME = "$(TARGET_NAME)";
				TEST_HOST = "$(BUNDLE_LOADER)";
				WRAPPER_EXTENSION = xctest;
			};
			name = Release;
		};
/* End XCBuildConfiguration section */

/* Begin XCConfigurationList section */
		65F48B6519AAD27B00E482C7 /* Build configuration list for PBXProject "GitUserExample" */ = {
			isa = XCConfigurationList;
			buildConfigurations = (
				65F48B9A19AAD27B00E482C7 /* Debug */,
				65F48B9B19AAD27B00E482C7 /* Release */,
			);
			defaultConfigurationIsVisible = 0;
			defaultConfigurationName = Release;
		};
		65F48B9C19AAD27B00E482C7 /* Build configuration list for PBXNativeTarget "GitUserExample" */ = {
			isa = XCConfigurationList;
			buildConfigurations = (
				65F48B9D19AAD27B00E482C7 /* Debug */,
				65F48B9E19AAD27B00E482C7 /* Release */,
			);
			defaultConfigurationIsVisible = 0;
		};
		65F48B9F19AAD27B00E482C7 /* Build configuration list for PBXNativeTarget "GitUserExampleTests" */ = {
			isa = XCConfigurationList;
			buildConfigurations = (
				65F48BA019AAD27B00E482C7 /* Debug */,
				65F48BA119AAD27B00E482C7 /* Release */,
			);
			defaultConfigurationIsVisible = 0;
		};
/* End XCConfigurationList section */
	};
	rootObject = 65F48B6219AAD27B00E482C7 /* Project object */;
}
